
Microsoft Visual Studio Solution File, Format Version 12.00
# Visual Studio 2013
VisualStudioVersion = 12.0.40629.0
MinimumVisualStudioVersion = 10.0.40219.1
Project("{FAE04EC0-301F-11D3-BF4B-00C04F79EFBC}") = "SignOffProject2DBLayer", "SignOffProject2DBLayer\SignOffProject2DBLayer.csproj", "{49C73755-D192-4568-9C34-76AF2D82D7E4}"
EndProject
Project("{FAE04EC0-301F-11D3-BF4B-00C04F79EFBC}") = "SignOffProject2WebUI", "SignOffProject2WebUI\SignOffProject2WebUI.csproj", "{E6CA7B5A-7924-4E3D-9673-A0161EAB08DE}"
EndProject
Project("{FAE04EC0-301F-11D3-BF4B-00C04F79EFBC}") = "SignOffProject2Logic", "SignOffProject2Logic\SignOffProject2Logic.csproj", "{D862CB99-1CBB-4BE8-BA23-36FCE1708E8A}"
EndProject
Project("{FAE04EC0-301F-11D3-BF4B-00C04F79EFBC}") = "SignOffProject2Tests", "SignOffProject2Tests\SignOffProject2Tests.csproj", "{26549E42-413E-4558-87BA-380994646F1D}"
EndProject
Project("{2150E333-8FDC-42A3-9474-1A3956D46DE8}") = ".nuget", ".nuget", "{80119A01-09CD-411D-A4D1-731DC6EBA39D}"
	ProjectSection(SolutionItems) = preProject
		.nuget\packages.config = .nuget\packages.config
	EndProjectSection
EndProject
Global
	GlobalSection(SubversionScc) = preSolution
		Svn-Managed = True
		Manager = AnkhSVN - Subversion Support for Visual Studio
	EndGlobalSection
	GlobalSection(SolutionConfigurationPlatforms) = preSolution
		Debug|Any CPU = Debug|Any CPU
		Release|Any CPU = Release|Any CPU
	EndGlobalSection
	GlobalSection(ProjectConfigurationPlatforms) = postSolution
		{49C73755-D192-4568-9C34-76AF2D82D7E4}.Debug|Any CPU.ActiveCfg = Debug|Any CPU
		{49C73755-D192-4568-9C34-76AF2D82D7E4}.Debug|Any CPU.Build.0 = Debug|Any CPU
		{49C73755-D192-4568-9C34-76AF2D82D7E4}.Release|Any CPU.ActiveCfg = Release|Any CPU
		{49C73755-D192-4568-9C34-76AF2D82D7E4}.Release|Any CPU.Build.0 = Release|Any CPU
		{E6CA7B5A-7924-4E3D-9673-A0161EAB08DE}.Debug|Any CPU.ActiveCfg = Debug|Any CPU
		{E6CA7B5A-7924-4E3D-9673-A0161EAB08DE}.Debug|Any CPU.Build.0 = Debug|Any CPU
		{E6CA7B5A-7924-4E3D-9673-A0161EAB08DE}.Release|Any CPU.ActiveCfg = Release|Any CPU
		{E6CA7B5A-7924-4E3D-9673-A0161EAB08DE}.Release|Any CPU.Build.0 = Release|Any CPU
		{D862CB99-1CBB-4BE8-BA23-36FCE1708E8A}.Debug|Any CPU.ActiveCfg = Debug|Any CPU
		{D862CB99-1CBB-4BE8-BA23-36FCE1708E8A}.Debug|Any CPU.Build.0 = Debug|Any CPU
		{D862CB99-1CBB-4BE8-BA23-36FCE1708E8A}.Release|Any CPU.ActiveCfg = Release|Any CPU
		{D862CB99-1CBB-4BE8-BA23-36FCE1708E8A}.Release|Any CPU.Build.0 = Release|Any CPU
		{26549E42-413E-4558-87BA-380994646F1D}.Debug|Any CPU.ActiveCfg = Debug|Any CPU
		{26549E42-413E-4558-87BA-380994646F1D}.Debug|Any CPU.Build.0 = Debug|Any CPU
		{26549E42-413E-4558-87BA-380994646F1D}.Release|Any CPU.ActiveCfg = Release|Any CPU
		{26549E42-413E-4558-87BA-380994646F1D}.Release|Any CPU.Build.0 = Release|Any CPU
	EndGlobalSection
	GlobalSection(SolutionProperties) = preSolution
		HideSolutionNode = FALSE
	EndGlobalSection
EndGlobal
