
Microsoft Visual Studio Solution File, Format Version 12.00
# Visual Studio 2013
VisualStudioVersion = 12.0.40629.0
MinimumVisualStudioVersion = 10.0.40219.1
Project("{FAE04EC0-301F-11D3-BF4B-00C04F79EFBC}") = "CurrencyConverter.Console", "CurrencyConverter.Console\CurrencyConverter.Console.csproj", "{60A88F0D-8A80-44F7-A0AC-6B0C1092D992}"
EndProject
Project("{2150E333-8FDC-42A3-9474-1A3956D46DE8}") = "Solution Items", "Solution Items", "{64FD9AAA-001D-4A4A-AEE3-E35EF5146DD7}"
EndProject
Project("{FAE04EC0-301F-11D3-BF4B-00C04F79EFBC}") = "CurrencyConverter.Library", "XMLReader\CurrencyConverter.Library.csproj", "{4DF10E64-66BE-45F1-8798-F3B58CC194A1}"
EndProject
Global
	GlobalSection(SubversionScc) = preSolution
		Svn-Managed = True
		Manager = AnkhSVN - Subversion Support for Visual Studio
	EndGlobalSection
	GlobalSection(SolutionConfigurationPlatforms) = preSolution
		Debug|Any CPU = Debug|Any CPU
		Release|Any CPU = Release|Any CPU
	EndGlobalSection
	GlobalSection(ProjectConfigurationPlatforms) = postSolution
		{60A88F0D-8A80-44F7-A0AC-6B0C1092D992}.Debug|Any CPU.ActiveCfg = Debug|Any CPU
		{60A88F0D-8A80-44F7-A0AC-6B0C1092D992}.Debug|Any CPU.Build.0 = Debug|Any CPU
		{60A88F0D-8A80-44F7-A0AC-6B0C1092D992}.Release|Any CPU.ActiveCfg = Release|Any CPU
		{60A88F0D-8A80-44F7-A0AC-6B0C1092D992}.Release|Any CPU.Build.0 = Release|Any CPU
		{4DF10E64-66BE-45F1-8798-F3B58CC194A1}.Debug|Any CPU.ActiveCfg = Debug|Any CPU
		{4DF10E64-66BE-45F1-8798-F3B58CC194A1}.Debug|Any CPU.Build.0 = Debug|Any CPU
		{4DF10E64-66BE-45F1-8798-F3B58CC194A1}.Release|Any CPU.ActiveCfg = Release|Any CPU
		{4DF10E64-66BE-45F1-8798-F3B58CC194A1}.Release|Any CPU.Build.0 = Release|Any CPU
	EndGlobalSection
	GlobalSection(SolutionProperties) = preSolution
		HideSolutionNode = FALSE
	EndGlobalSection
EndGlobal
