
Microsoft Visual Studio Solution File, Format Version 12.00
# Visual Studio 2013
VisualStudioVersion = 12.0.40629.0
MinimumVisualStudioVersion = 10.0.40219.1
Project("{FAE04EC0-301F-11D3-BF4B-00C04F79EFBC}") = "SocialNetwork.DataAccess", "SocialNetwork.DataAccess\SocialNetwork.DataAccess.csproj", "{51AC595C-260D-4B3C-95BA-E1CB5AEDC87B}"
EndProject
Project("{FAE04EC0-301F-11D3-BF4B-00C04F79EFBC}") = "SocialNetwork.Tests", "SocialNetwork.Tests\SocialNetwork.Tests.csproj", "{FCFEFCB6-FCD2-448A-969A-CDAFD65F01BD}"
EndProject
Project("{FAE04EC0-301F-11D3-BF4B-00C04F79EFBC}") = "SocialNetwork.Logic", "SocialNetwork.Logic\SocialNetwork.Logic.csproj", "{FD9724BE-01C3-4E41-BA3F-2A103DAEDDF3}"
EndProject
Project("{FAE04EC0-301F-11D3-BF4B-00C04F79EFBC}") = "Test Console", "Test Console\Test Console.csproj", "{0871F565-A330-4224-AA63-1F1FCF846EFB}"
EndProject
Project("{FAE04EC0-301F-11D3-BF4B-00C04F79EFBC}") = "SocialNetwork.WebUI", "SocialNetwork.WebUI\SocialNetwork.WebUI.csproj", "{F8623601-1BCB-42A2-8DA9-88BB2454F004}"
EndProject
Project("{2150E333-8FDC-42A3-9474-1A3956D46DE8}") = ".nuget", ".nuget", "{9578CDAA-E79C-4D5A-AF17-66BFDACD918B}"
	ProjectSection(SolutionItems) = preProject
		.nuget\packages.config = .nuget\packages.config
	EndProjectSection
EndProject
Project("{FAE04EC0-301F-11D3-BF4B-00C04F79EFBC}") = "SocialNetwork.MVVM", "SocialNetwork.MVVM\SocialNetwork.MVVM.csproj", "{7EFA273B-78CF-424C-A166-EF0B75DD54B6}"
EndProject
Project("{FAE04EC0-301F-11D3-BF4B-00C04F79EFBC}") = "WCFHostingConsole", "WCFHostingConsole\WCFHostingConsole.csproj", "{039B591C-74DB-41FD-8DC7-4BC41ADBFB5E}"
EndProject
Project("{FAE04EC0-301F-11D3-BF4B-00C04F79EFBC}") = "WcfServiceHost", "WcfServiceHost\WcfServiceHost.csproj", "{F7721AA1-C521-4DAC-88EC-84D76EAE0834}"
EndProject
Global
	GlobalSection(SubversionScc) = preSolution
		Svn-Managed = True
		Manager = AnkhSVN - Subversion Support for Visual Studio
	EndGlobalSection
	GlobalSection(SolutionConfigurationPlatforms) = preSolution
		Debug|Any CPU = Debug|Any CPU
		Release|Any CPU = Release|Any CPU
	EndGlobalSection
	GlobalSection(ProjectConfigurationPlatforms) = postSolution
		{51AC595C-260D-4B3C-95BA-E1CB5AEDC87B}.Debug|Any CPU.ActiveCfg = Debug|Any CPU
		{51AC595C-260D-4B3C-95BA-E1CB5AEDC87B}.Debug|Any CPU.Build.0 = Debug|Any CPU
		{51AC595C-260D-4B3C-95BA-E1CB5AEDC87B}.Release|Any CPU.ActiveCfg = Release|Any CPU
		{51AC595C-260D-4B3C-95BA-E1CB5AEDC87B}.Release|Any CPU.Build.0 = Release|Any CPU
		{FCFEFCB6-FCD2-448A-969A-CDAFD65F01BD}.Debug|Any CPU.ActiveCfg = Debug|Any CPU
		{FCFEFCB6-FCD2-448A-969A-CDAFD65F01BD}.Debug|Any CPU.Build.0 = Debug|Any CPU
		{FCFEFCB6-FCD2-448A-969A-CDAFD65F01BD}.Release|Any CPU.ActiveCfg = Release|Any CPU
		{FCFEFCB6-FCD2-448A-969A-CDAFD65F01BD}.Release|Any CPU.Build.0 = Release|Any CPU
		{FD9724BE-01C3-4E41-BA3F-2A103DAEDDF3}.Debug|Any CPU.ActiveCfg = Debug|Any CPU
		{FD9724BE-01C3-4E41-BA3F-2A103DAEDDF3}.Debug|Any CPU.Build.0 = Debug|Any CPU
		{FD9724BE-01C3-4E41-BA3F-2A103DAEDDF3}.Release|Any CPU.ActiveCfg = Release|Any CPU
		{FD9724BE-01C3-4E41-BA3F-2A103DAEDDF3}.Release|Any CPU.Build.0 = Release|Any CPU
		{0871F565-A330-4224-AA63-1F1FCF846EFB}.Debug|Any CPU.ActiveCfg = Debug|Any CPU
		{0871F565-A330-4224-AA63-1F1FCF846EFB}.Debug|Any CPU.Build.0 = Debug|Any CPU
		{0871F565-A330-4224-AA63-1F1FCF846EFB}.Release|Any CPU.ActiveCfg = Release|Any CPU
		{0871F565-A330-4224-AA63-1F1FCF846EFB}.Release|Any CPU.Build.0 = Release|Any CPU
		{F8623601-1BCB-42A2-8DA9-88BB2454F004}.Debug|Any CPU.ActiveCfg = Debug|Any CPU
		{F8623601-1BCB-42A2-8DA9-88BB2454F004}.Debug|Any CPU.Build.0 = Debug|Any CPU
		{F8623601-1BCB-42A2-8DA9-88BB2454F004}.Release|Any CPU.ActiveCfg = Release|Any CPU
		{F8623601-1BCB-42A2-8DA9-88BB2454F004}.Release|Any CPU.Build.0 = Release|Any CPU
		{7EFA273B-78CF-424C-A166-EF0B75DD54B6}.Debug|Any CPU.ActiveCfg = Debug|Any CPU
		{7EFA273B-78CF-424C-A166-EF0B75DD54B6}.Debug|Any CPU.Build.0 = Debug|Any CPU
		{7EFA273B-78CF-424C-A166-EF0B75DD54B6}.Release|Any CPU.ActiveCfg = Release|Any CPU
		{7EFA273B-78CF-424C-A166-EF0B75DD54B6}.Release|Any CPU.Build.0 = Release|Any CPU
		{039B591C-74DB-41FD-8DC7-4BC41ADBFB5E}.Debug|Any CPU.ActiveCfg = Debug|Any CPU
		{039B591C-74DB-41FD-8DC7-4BC41ADBFB5E}.Debug|Any CPU.Build.0 = Debug|Any CPU
		{039B591C-74DB-41FD-8DC7-4BC41ADBFB5E}.Release|Any CPU.ActiveCfg = Release|Any CPU
		{039B591C-74DB-41FD-8DC7-4BC41ADBFB5E}.Release|Any CPU.Build.0 = Release|Any CPU
		{F7721AA1-C521-4DAC-88EC-84D76EAE0834}.Debug|Any CPU.ActiveCfg = Debug|Any CPU
		{F7721AA1-C521-4DAC-88EC-84D76EAE0834}.Debug|Any CPU.Build.0 = Debug|Any CPU
		{F7721AA1-C521-4DAC-88EC-84D76EAE0834}.Release|Any CPU.ActiveCfg = Release|Any CPU
		{F7721AA1-C521-4DAC-88EC-84D76EAE0834}.Release|Any CPU.Build.0 = Release|Any CPU
	EndGlobalSection
	GlobalSection(SolutionProperties) = preSolution
		HideSolutionNode = FALSE
	EndGlobalSection
EndGlobal
