
Microsoft Visual Studio Solution File, Format Version 12.00
# Visual Studio 2013
VisualStudioVersion = 12.0.40629.0
MinimumVisualStudioVersion = 10.0.40219.1
Project("{FAE04EC0-301F-11D3-BF4B-00C04F79EFBC}") = "BookstoreTDD", "TDDbookshop\BookstoreTDD.csproj", "{E56D74BE-4194-4AB6-B4D2-9C38CD01C9F4}"
EndProject
Project("{FAE04EC0-301F-11D3-BF4B-00C04F79EFBC}") = "BookstoreTDDtests", "TDDbookshoptests\BookstoreTDDtests.csproj", "{536E35A3-99F8-4A66-945D-48B1144EB330}"
EndProject
Global
	GlobalSection(SubversionScc) = preSolution
		Svn-Managed = True
		Manager = AnkhSVN - Subversion Support for Visual Studio
	EndGlobalSection
	GlobalSection(SolutionConfigurationPlatforms) = preSolution
		Debug|Any CPU = Debug|Any CPU
		Release|Any CPU = Release|Any CPU
	EndGlobalSection
	GlobalSection(ProjectConfigurationPlatforms) = postSolution
		{E56D74BE-4194-4AB6-B4D2-9C38CD01C9F4}.Debug|Any CPU.ActiveCfg = Debug|Any CPU
		{E56D74BE-4194-4AB6-B4D2-9C38CD01C9F4}.Debug|Any CPU.Build.0 = Debug|Any CPU
		{E56D74BE-4194-4AB6-B4D2-9C38CD01C9F4}.Release|Any CPU.ActiveCfg = Release|Any CPU
		{E56D74BE-4194-4AB6-B4D2-9C38CD01C9F4}.Release|Any CPU.Build.0 = Release|Any CPU
		{536E35A3-99F8-4A66-945D-48B1144EB330}.Debug|Any CPU.ActiveCfg = Debug|Any CPU
		{536E35A3-99F8-4A66-945D-48B1144EB330}.Debug|Any CPU.Build.0 = Debug|Any CPU
		{536E35A3-99F8-4A66-945D-48B1144EB330}.Release|Any CPU.ActiveCfg = Release|Any CPU
		{536E35A3-99F8-4A66-945D-48B1144EB330}.Release|Any CPU.Build.0 = Release|Any CPU
	EndGlobalSection
	GlobalSection(SolutionProperties) = preSolution
		HideSolutionNode = FALSE
	EndGlobalSection
EndGlobal
