
Microsoft Visual Studio Solution File, Format Version 12.00
# Visual Studio 2013
VisualStudioVersion = 12.0.40629.0
MinimumVisualStudioVersion = 10.0.40219.1
Project("{FAE04EC0-301F-11D3-BF4B-00C04F79EFBC}") = "OnlineTraining.Logic", "OnlineTraining.Logic\OnlineTraining.Logic.csproj", "{CDA97C6F-9500-4BC5-AA33-887FDACC2D60}"
EndProject
Project("{2150E333-8FDC-42A3-9474-1A3956D46DE8}") = ".nuget", ".nuget", "{2AF26F98-AEF3-4638-ABD8-4080ABE1CFA7}"
	ProjectSection(SolutionItems) = preProject
		.nuget\packages.config = .nuget\packages.config
	EndProjectSection
EndProject
Project("{FAE04EC0-301F-11D3-BF4B-00C04F79EFBC}") = "OnlineTrainingTests", "OnlineTrainingTests\OnlineTrainingTests.csproj", "{8A752617-3F9E-4EC6-9153-5E48C9859FEA}"
EndProject
Project("{FAE04EC0-301F-11D3-BF4B-00C04F79EFBC}") = "OnlineTraining.EntityFramework", "OnlineTraining.EntityFramework\OnlineTraining.EntityFramework.csproj", "{78E8E3C4-02EB-489B-ABB7-3799D8B85F8E}"
EndProject
Project("{FAE04EC0-301F-11D3-BF4B-00C04F79EFBC}") = "OnlineTraining.UI", "OnlineTraining.UI\OnlineTraining.UI.csproj", "{AEC530AE-AF04-4D8F-8535-FC709DA5F400}"
EndProject
Project("{FAE04EC0-301F-11D3-BF4B-00C04F79EFBC}") = "OnlineTrainingWebUI", "OnlineTrainingWebUI\OnlineTrainingWebUI.csproj", "{C1762D95-5011-4F7B-BE18-D83A3840E6A1}"
EndProject
Project("{FAE04EC0-301F-11D3-BF4B-00C04F79EFBC}") = "OnlineTrainingWPF", "OnlineTrainingWPF\OnlineTrainingWPF.csproj", "{B1F3B6B5-71D2-4FA8-BA21-54E3572AB53C}"
EndProject
Global
	GlobalSection(SubversionScc) = preSolution
		Svn-Managed = True
		Manager = AnkhSVN - Subversion Support for Visual Studio
	EndGlobalSection
	GlobalSection(SolutionConfigurationPlatforms) = preSolution
		Debug|Any CPU = Debug|Any CPU
		Release|Any CPU = Release|Any CPU
	EndGlobalSection
	GlobalSection(ProjectConfigurationPlatforms) = postSolution
		{CDA97C6F-9500-4BC5-AA33-887FDACC2D60}.Debug|Any CPU.ActiveCfg = Debug|Any CPU
		{CDA97C6F-9500-4BC5-AA33-887FDACC2D60}.Debug|Any CPU.Build.0 = Debug|Any CPU
		{CDA97C6F-9500-4BC5-AA33-887FDACC2D60}.Release|Any CPU.ActiveCfg = Release|Any CPU
		{CDA97C6F-9500-4BC5-AA33-887FDACC2D60}.Release|Any CPU.Build.0 = Release|Any CPU
		{8A752617-3F9E-4EC6-9153-5E48C9859FEA}.Debug|Any CPU.ActiveCfg = Debug|Any CPU
		{8A752617-3F9E-4EC6-9153-5E48C9859FEA}.Debug|Any CPU.Build.0 = Debug|Any CPU
		{8A752617-3F9E-4EC6-9153-5E48C9859FEA}.Release|Any CPU.ActiveCfg = Release|Any CPU
		{8A752617-3F9E-4EC6-9153-5E48C9859FEA}.Release|Any CPU.Build.0 = Release|Any CPU
		{78E8E3C4-02EB-489B-ABB7-3799D8B85F8E}.Debug|Any CPU.ActiveCfg = Debug|Any CPU
		{78E8E3C4-02EB-489B-ABB7-3799D8B85F8E}.Debug|Any CPU.Build.0 = Debug|Any CPU
		{78E8E3C4-02EB-489B-ABB7-3799D8B85F8E}.Release|Any CPU.ActiveCfg = Release|Any CPU
		{78E8E3C4-02EB-489B-ABB7-3799D8B85F8E}.Release|Any CPU.Build.0 = Release|Any CPU
		{AEC530AE-AF04-4D8F-8535-FC709DA5F400}.Debug|Any CPU.ActiveCfg = Debug|Any CPU
		{AEC530AE-AF04-4D8F-8535-FC709DA5F400}.Debug|Any CPU.Build.0 = Debug|Any CPU
		{AEC530AE-AF04-4D8F-8535-FC709DA5F400}.Release|Any CPU.ActiveCfg = Release|Any CPU
		{AEC530AE-AF04-4D8F-8535-FC709DA5F400}.Release|Any CPU.Build.0 = Release|Any CPU
		{C1762D95-5011-4F7B-BE18-D83A3840E6A1}.Debug|Any CPU.ActiveCfg = Debug|Any CPU
		{C1762D95-5011-4F7B-BE18-D83A3840E6A1}.Debug|Any CPU.Build.0 = Debug|Any CPU
		{C1762D95-5011-4F7B-BE18-D83A3840E6A1}.Release|Any CPU.ActiveCfg = Release|Any CPU
		{C1762D95-5011-4F7B-BE18-D83A3840E6A1}.Release|Any CPU.Build.0 = Release|Any CPU
		{B1F3B6B5-71D2-4FA8-BA21-54E3572AB53C}.Debug|Any CPU.ActiveCfg = Debug|Any CPU
		{B1F3B6B5-71D2-4FA8-BA21-54E3572AB53C}.Debug|Any CPU.Build.0 = Debug|Any CPU
		{B1F3B6B5-71D2-4FA8-BA21-54E3572AB53C}.Release|Any CPU.ActiveCfg = Release|Any CPU
		{B1F3B6B5-71D2-4FA8-BA21-54E3572AB53C}.Release|Any CPU.Build.0 = Release|Any CPU
	EndGlobalSection
	GlobalSection(SolutionProperties) = preSolution
		HideSolutionNode = FALSE
	EndGlobalSection
EndGlobal
